{
  "version": 4,
  "terraform_version": "1.15.8",
  "serial": 25,
  "lineage": "d9f5f0bb-afb5-47a5-2b60-739fbe3e53d2",
  "outputs": {
    "acr_admin_password": {
      "value": "7sjVb7w7HwQdPTQVJWvodW3rLEYE3H8PMRlFnupVB4oGbabM2B63JQQJ99CGAC5RqLJEqg7NAAACAZCRAs3w",
      "type": "string",
      "sensitive": true
    },
    "acr_admin_username": {
      "value": "acrrationalmongoose",
      "type": "string",
      "sensitive": true
    },
    "acr_login_server": {
      "value": "acrrationalmongoose.azurecr.io",
      "type": "string"
    },
    "container_app_name": {
      "value": "ca-tasktracker",
      "type": "string"
    },
    "container_app_url": {
      "value": "https://ca-tasktracker.livelyisland-6f5b3dbf.westeurope.azurecontainerapps.io",
      "type": "string"
    },
    "location": {
      "value": "westeurope",
      "type": "string"
    },
    "resource_group_name": {
      "value": "rg-tasktracker-rationalmongoose",
      "type": "string"
    }
  },
  "resources": [
    {
      "mode": "managed",
      "type": "azurerm_container_app",
      "name": "main",
      "provider": "provider[\"registry.terraform.io/hashicorp/azurerm\"]",
      "instances": [
        {
          "schema_version": 0,
          "attributes": {
            "container_app_environment_id": "/subscriptions/3df411e6-c79f-4ce7-8a21-7efa5497da73/resourceGroups/rg-tasktracker-rationalmongoose/providers/Microsoft.App/managedEnvironments/cae-tasktracker-rationalmongoose",
            "custom_domain_verification_id": "81909D4E3420E5E5B841381C02CA38D74D706411AFCC75D98F935FAED4047388",
            "dapr": [],
            "id": "/subscriptions/3df411e6-c79f-4ce7-8a21-7efa5497da73/resourceGroups/rg-tasktracker-rationalmongoose/providers/Microsoft.App/containerApps/ca-tasktracker",
            "identity": [],
            "ingress": [
              {
                "allow_insecure_connections": false,
                "custom_domain": [],
                "exposed_port": 0,
                "external_enabled": true,
                "fqdn": "ca-tasktracker.livelyisland-6f5b3dbf.westeurope.azurecontainerapps.io",
                "ip_security_restriction": [],
                "target_port": 80,
                "traffic_weight": [
                  {
                    "label": "",
                    "latest_revision": true,
                    "percentage": 100,
                    "revision_suffix": ""
                  }
                ],
                "transport": "auto"
              }
            ],
            "latest_revision_fqdn": "ca-tasktracker--0000005.livelyisland-6f5b3dbf.westeurope.azurecontainerapps.io",
            "latest_revision_name": "ca-tasktracker--0000005",
            "location": "westeurope",
            "name": "ca-tasktracker",
            "outbound_ip_addresses": [
              "51.136.75.104"
            ],
            "registry": [
              {
                "identity": "",
                "password_secret_name": "acr-password",
                "server": "acrrationalmongoose.azurecr.io",
                "username": "acrrationalmongoose"
              }
            ],
            "resource_group_name": "rg-tasktracker-rationalmongoose",
            "revision_mode": "Single",
            "secret": [
              {
                "identity": "",
                "key_vault_secret_id": "",
                "name": "acr-password",
                "value": "7sjVb7w7HwQdPTQVJWvodW3rLEYE3H8PMRlFnupVB4oGbabM2B63JQQJ99CGAC5RqLJEqg7NAAACAZCRAs3w"
              }
            ],
            "tags": {
              "Environment": "development",
              "ManagedBy": "terraform",
              "Project": "task-tracker"
            },
            "template": [
              {
                "azure_queue_scale_rule": [],
                "container": [
                  {
                    "args": [],
                    "command": [],
                    "cpu": 0.25,
                    "env": [
                      {
                        "name": "NGINX_PORT",
                        "secret_name": "",
                        "value": "80"
                      }
                    ],
                    "ephemeral_storage": "1Gi",
                    "image": "nginx:alpine",
                    "liveness_probe": [],
                    "memory": "0.5Gi",
                    "name": "app",
                    "readiness_probe": [],
                    "startup_probe": [],
                    "volume_mounts": []
                  }
                ],
                "custom_scale_rule": [],
                "http_scale_rule": [],
                "init_container": [],
                "max_replicas": 3,
                "min_replicas": 1,
                "revision_suffix": "",
                "tcp_scale_rule": [],
                "volume": []
              }
            ],
            "timeouts": null,
            "workload_profile_name": ""
          },
          "sensitive_attributes": [
            [
              {
                "type": "get_attr",
                "value": "custom_domain_verification_id"
              }
            ],
            [
              {
                "type": "get_attr",
                "value": "secret"
              }
            ]
          ],
          "identity_schema_version": 0,
          "private": "eyJlMmJmYjczMC1lY2FhLTExZTYtOGY4OC0zNDM2M2JjN2M0YzAiOnsiY3JlYXRlIjoxODAwMDAwMDAwMDAwLCJkZWxldGUiOjE4MDAwMDAwMDAwMDAsInJlYWQiOjMwMDAwMDAwMDAwMCwidXBkYXRlIjoxODAwMDAwMDAwMDAwfX0=",
          "dependencies": [
            "azurerm_container_app_environment.main",
            "azurerm_container_registry.main",
            "azurerm_log_analytics_workspace.main",
            "azurerm_resource_group.main",
            "random_pet.suffix"
          ]
        }
      ]
    },
    {
      "mode": "managed",
      "type": "azurerm_container_app_environment",
      "name": "main",
      "provider": "provider[\"registry.terraform.io/hashicorp/azurerm\"]",
      "instances": [
        {
          "schema_version": 0,
          "attributes": {
            "custom_domain_verification_id": "81909D4E3420E5E5B841381C02CA38D74D706411AFCC75D98F935FAED4047388",
            "dapr_application_insights_connection_string": "",
            "default_domain": "livelyisland-6f5b3dbf.westeurope.azurecontainerapps.io",
            "docker_bridge_cidr": "",
            "id": "/subscriptions/3df411e6-c79f-4ce7-8a21-7efa5497da73/resourceGroups/rg-tasktracker-rationalmongoose/providers/Microsoft.App/managedEnvironments/cae-tasktracker-rationalmongoose",
            "infrastructure_resource_group_name": "",
            "infrastructure_subnet_id": "",
            "internal_load_balancer_enabled": false,
            "location": "westeurope",
            "log_analytics_workspace_id": "",
            "mutual_tls_enabled": false,
            "name": "cae-tasktracker-rationalmongoose",
            "platform_reserved_cidr": "",
            "platform_reserved_dns_ip_address": "",
            "resource_group_name": "rg-tasktracker-rationalmongoose",
            "static_ip_address": "50.85.56.164",
            "tags": {
              "Environment": "development",
              "ManagedBy": "terraform",
              "Project": "task-tracker"
            },
            "timeouts": null,
            "workload_profile": [],
            "zone_redundancy_enabled": false
          },
          "sensitive_attributes": [
            [
              {
                "type": "get_attr",
                "value": "dapr_application_insights_connection_string"
              }
            ]
          ],
          "identity_schema_version": 0,
          "private": "eyJlMmJmYjczMC1lY2FhLTExZTYtOGY4OC0zNDM2M2JjN2M0YzAiOnsiY3JlYXRlIjoxODAwMDAwMDAwMDAwLCJkZWxldGUiOjE4MDAwMDAwMDAwMDAsInJlYWQiOjMwMDAwMDAwMDAwMCwidXBkYXRlIjoxODAwMDAwMDAwMDAwfSwic2NoZW1hX3ZlcnNpb24iOiIwIn0=",
          "dependencies": [
            "azurerm_log_analytics_workspace.main",
            "azurerm_resource_group.main",
            "random_pet.suffix"
          ]
        }
      ]
    },
    {
      "mode": "managed",
      "type": "azurerm_container_registry",
      "name": "main",
      "provider": "provider[\"registry.terraform.io/hashicorp/azurerm\"]",
      "instances": [
        {
          "schema_version": 2,
          "attributes": {
            "admin_enabled": true,
            "admin_password": "7sjVb7w7HwQdPTQVJWvodW3rLEYE3H8PMRlFnupVB4oGbabM2B63JQQJ99CGAC5RqLJEqg7NAAACAZCRAs3w",
            "admin_username": "acrrationalmongoose",
            "anonymous_pull_enabled": false,
            "data_endpoint_enabled": false,
            "encryption": [
              {
                "enabled": false,
                "identity_client_id": "",
                "key_vault_key_id": ""
              }
            ],
            "export_policy_enabled": true,
            "georeplications": [],
            "id": "/subscriptions/3df411e6-c79f-4ce7-8a21-7efa5497da73/resourceGroups/rg-tasktracker-rationalmongoose/providers/Microsoft.ContainerRegistry/registries/acrrationalmongoose",
            "identity": [],
            "location": "westeurope",
            "login_server": "acrrationalmongoose.azurecr.io",
            "name": "acrrationalmongoose",
            "network_rule_bypass_option": "AzureServices",
            "network_rule_set": [],
            "public_network_access_enabled": true,
            "quarantine_policy_enabled": false,
            "resource_group_name": "rg-tasktracker-rationalmongoose",
            "retention_policy": [
              {
                "days": 7,
                "enabled": false
              }
            ],
            "sku": "Basic",
            "tags": {
              "Environment": "development",
              "ManagedBy": "terraform",
              "Project": "task-tracker"
            },
            "timeouts": null,
            "trust_policy": [
              {
                "enabled": false
              }
            ],
            "zone_redundancy_enabled": false
          },
          "sensitive_attributes": [
            [
              {
                "type": "get_attr",
                "value": "admin_password"
              }
            ]
          ],
          "identity_schema_version": 0,
          "private": "eyJlMmJmYjczMC1lY2FhLTExZTYtOGY4OC0zNDM2M2JjN2M0YzAiOnsiY3JlYXRlIjoxODAwMDAwMDAwMDAwLCJkZWxldGUiOjE4MDAwMDAwMDAwMDAsInJlYWQiOjMwMDAwMDAwMDAwMCwidXBkYXRlIjoxODAwMDAwMDAwMDAwfSwic2NoZW1hX3ZlcnNpb24iOiIyIn0=",
          "dependencies": [
            "azurerm_resource_group.main",
            "random_pet.suffix"
          ]
        }
      ]
    },
    {
      "mode": "managed",
      "type": "azurerm_log_analytics_workspace",
      "name": "main",
      "provider": "provider[\"registry.terraform.io/hashicorp/azurerm\"]",
      "instances": [
        {
          "schema_version": 3,
          "attributes": {
            "allow_resource_only_permissions": true,
            "cmk_for_query_forced": false,
            "daily_quota_gb": -1,
            "data_collection_rule_id": "",
            "id": "/subscriptions/3df411e6-c79f-4ce7-8a21-7efa5497da73/resourceGroups/rg-tasktracker-rationalmongoose/providers/Microsoft.OperationalInsights/workspaces/log-tasktracker-rationalmongoose",
            "identity": [],
            "immediate_data_purge_on_30_days_enabled": false,
            "internet_ingestion_enabled": true,
            "internet_query_enabled": true,
            "local_authentication_disabled": false,
            "location": "westeurope",
            "name": "log-tasktracker-rationalmongoose",
            "primary_shared_key": "wRodsUwocLlhgfap/tU1nsz7WrQXhHbffDWhD+3rAu/3vmdvwYunK46hHvqqt0RLd1PyDZdB4xX2NSoa6K3nHA==",
            "reservation_capacity_in_gb_per_day": null,
            "resource_group_name": "rg-tasktracker-rationalmongoose",
            "retention_in_days": 30,
            "secondary_shared_key": "90D5sdsMGadxwq0yYklCwI1gt0y1IZdXNOrjIeYywE2dIzrVqELmfHo/ihP43zJt/iw7zpEFGFHe4PoP5hXOkQ==",
            "sku": "PerGB2018",
            "tags": {
              "Environment": "development",
              "ManagedBy": "terraform",
              "Project": "task-tracker"
            },
            "timeouts": null,
            "workspace_id": "51a1eba8-f0c0-4d3c-b2c2-daeae69cf4e8"
          },
          "sensitive_attributes": [
            [
              {
                "type": "get_attr",
                "value": "primary_shared_key"
              }
            ],
            [
              {
                "type": "get_attr",
                "value": "secondary_shared_key"
              }
            ]
          ],
          "identity_schema_version": 0,
          "private": "eyJlMmJmYjczMC1lY2FhLTExZTYtOGY4OC0zNDM2M2JjN2M0YzAiOnsiY3JlYXRlIjoxODAwMDAwMDAwMDAwLCJkZWxldGUiOjE4MDAwMDAwMDAwMDAsInJlYWQiOjMwMDAwMDAwMDAwMCwidXBkYXRlIjoxODAwMDAwMDAwMDAwfSwic2NoZW1hX3ZlcnNpb24iOiIzIn0=",
          "dependencies": [
            "azurerm_resource_group.main",
            "random_pet.suffix"
          ]
        }
      ]
    },
    {
      "mode": "managed",
      "type": "azurerm_resource_group",
      "name": "main",
      "provider": "provider[\"registry.terraform.io/hashicorp/azurerm\"]",
      "instances": [
        {
          "schema_version": 0,
          "attributes": {
            "id": "/subscriptions/3df411e6-c79f-4ce7-8a21-7efa5497da73/resourceGroups/rg-tasktracker-rationalmongoose",
            "location": "westeurope",
            "managed_by": "",
            "name": "rg-tasktracker-rationalmongoose",
            "tags": {
              "Environment": "development",
              "ManagedBy": "terraform",
              "Project": "task-tracker"
            },
            "timeouts": null
          },
          "sensitive_attributes": [],
          "identity_schema_version": 0,
          "private": "eyJlMmJmYjczMC1lY2FhLTExZTYtOGY4OC0zNDM2M2JjN2M0YzAiOnsiY3JlYXRlIjo1NDAwMDAwMDAwMDAwLCJkZWxldGUiOjU0MDAwMDAwMDAwMDAsInJlYWQiOjMwMDAwMDAwMDAwMCwidXBkYXRlIjo1NDAwMDAwMDAwMDAwfX0=",
          "dependencies": [
            "random_pet.suffix"
          ]
        }
      ]
    },
    {
      "mode": "managed",
      "type": "random_pet",
      "name": "suffix",
      "provider": "provider[\"registry.terraform.io/hashicorp/random\"]",
      "instances": [
        {
          "schema_version": 0,
          "attributes": {
            "id": "rationalmongoose",
            "keepers": null,
            "length": 2,
            "prefix": null,
            "separator": ""
          },
          "sensitive_attributes": [],
          "identity_schema_version": 0
        }
      ]
    }
  ],
  "check_results": null
}
